
Microsoft Visual Studio Solution File, Format Version 12.00
# Visual Studio Version 16
VisualStudioVersion = 16.0.30104.148
MinimumVisualStudioVersion = 10.0.40219.1
Project("{9A19103F-16F7-4668-BE54-9A1E7A4F7556}") = "ShetaPersonal.Core", "ShetaPersonal.Core\ShetaPersonal.Core.csproj", "{0D756B31-99A7-4B80-99E9-B21E76728CC0}"
EndProject
Project("{9A19103F-16F7-4668-BE54-9A1E7A4F7556}") = "ShetaPersonal.Data", "ShetaPersonal.Data\ShetaPersonal.Data.csproj", "{67D1B50E-D3B7-4C1A-BA13-D1EA00C784C6}"
EndProject
Project("{FAE04EC0-301F-11D3-BF4B-00C04F79EFBC}") = "ShetaPersonal.Web", "ShetaPersonal.Web\ShetaPersonal.Web.csproj", "{9E209EF9-CBA5-4039-9FB6-CD5F9E157B38}"
EndProject
Global
	GlobalSection(SolutionConfigurationPlatforms) = preSolution
		Debug|Any CPU = Debug|Any CPU
		Release|Any CPU = Release|Any CPU
	EndGlobalSection
	GlobalSection(ProjectConfigurationPlatforms) = postSolution
		{0D756B31-99A7-4B80-99E9-B21E76728CC0}.Debug|Any CPU.ActiveCfg = Debug|Any CPU
		{0D756B31-99A7-4B80-99E9-B21E76728CC0}.Debug|Any CPU.Build.0 = Debug|Any CPU
		{0D756B31-99A7-4B80-99E9-B21E76728CC0}.Release|Any CPU.ActiveCfg = Release|Any CPU
		{0D756B31-99A7-4B80-99E9-B21E76728CC0}.Release|Any CPU.Build.0 = Release|Any CPU
		{67D1B50E-D3B7-4C1A-BA13-D1EA00C784C6}.Debug|Any CPU.ActiveCfg = Debug|Any CPU
		{67D1B50E-D3B7-4C1A-BA13-D1EA00C784C6}.Debug|Any CPU.Build.0 = Debug|Any CPU
		{67D1B50E-D3B7-4C1A-BA13-D1EA00C784C6}.Release|Any CPU.ActiveCfg = Release|Any CPU
		{67D1B50E-D3B7-4C1A-BA13-D1EA00C784C6}.Release|Any CPU.Build.0 = Release|Any CPU
		{9E209EF9-CBA5-4039-9FB6-CD5F9E157B38}.Debug|Any CPU.ActiveCfg = Debug|Any CPU
		{9E209EF9-CBA5-4039-9FB6-CD5F9E157B38}.Debug|Any CPU.Build.0 = Debug|Any CPU
		{9E209EF9-CBA5-4039-9FB6-CD5F9E157B38}.Release|Any CPU.ActiveCfg = Release|Any CPU
		{9E209EF9-CBA5-4039-9FB6-CD5F9E157B38}.Release|Any CPU.Build.0 = Release|Any CPU
	EndGlobalSection
	GlobalSection(SolutionProperties) = preSolution
		HideSolutionNode = FALSE
	EndGlobalSection
	GlobalSection(ExtensibilityGlobals) = postSolution
		SolutionGuid = {D541BF92-B579-4F02-973A-AB2255D3CBD0}
	EndGlobalSection
EndGlobal
